
Microsoft Visual Studio Solution File, Format Version 12.00
# Visual Studio Version 17
VisualStudioVersion = 17.5.33627.172
MinimumVisualStudioVersion = 10.0.40219.1
Project("{FAE04EC0-301F-11D3-BF4B-00C04F79EFBC}") = "001", "001\001.csproj", "{4357FE15-0F35-4821-9D67-A1CE854A171C}"
EndProject
Global
	GlobalSection(SolutionConfigurationPlatforms) = preSolution
		Debug|Any CPU = Debug|Any CPU
		Release|Any CPU = Release|Any CPU
	EndGlobalSection
	GlobalSection(ProjectConfigurationPlatforms) = postSolution
		{4357FE15-0F35-4821-9D67-A1CE854A171C}.Debug|Any CPU.ActiveCfg = Debug|Any CPU
		{4357FE15-0F35-4821-9D67-A1CE854A171C}.Debug|Any CPU.Build.0 = Debug|Any CPU
		{4357FE15-0F35-4821-9D67-A1CE854A171C}.Release|Any CPU.ActiveCfg = Release|Any CPU
		{4357FE15-0F35-4821-9D67-A1CE854A171C}.Release|Any CPU.Build.0 = Release|Any CPU
	EndGlobalSection
	GlobalSection(SolutionProperties) = preSolution
		HideSolutionNode = FALSE
	EndGlobalSection
	GlobalSection(ExtensibilityGlobals) = postSolution
		SolutionGuid = {3A429622-6A54-4139-88FB-60C3DCCA3176}
	EndGlobalSection
EndGlobal
