
Microsoft Visual Studio Solution File, Format Version 12.00
# Visual Studio Version 17
VisualStudioVersion = 17.5.33627.172
MinimumVisualStudioVersion = 10.0.40219.1
Project("{FAE04EC0-301F-11D3-BF4B-00C04F79EFBC}") = "Action", "Action\Action.csproj", "{CF3AAD5C-9761-42BF-8EE3-0D1D4369380C}"
EndProject
Global
	GlobalSection(SolutionConfigurationPlatforms) = preSolution
		Debug|Any CPU = Debug|Any CPU
		Release|Any CPU = Release|Any CPU
	EndGlobalSection
	GlobalSection(ProjectConfigurationPlatforms) = postSolution
		{CF3AAD5C-9761-42BF-8EE3-0D1D4369380C}.Debug|Any CPU.ActiveCfg = Debug|Any CPU
		{CF3AAD5C-9761-42BF-8EE3-0D1D4369380C}.Debug|Any CPU.Build.0 = Debug|Any CPU
		{CF3AAD5C-9761-42BF-8EE3-0D1D4369380C}.Release|Any CPU.ActiveCfg = Release|Any CPU
		{CF3AAD5C-9761-42BF-8EE3-0D1D4369380C}.Release|Any CPU.Build.0 = Release|Any CPU
	EndGlobalSection
	GlobalSection(SolutionProperties) = preSolution
		HideSolutionNode = FALSE
	EndGlobalSection
	GlobalSection(ExtensibilityGlobals) = postSolution
		SolutionGuid = {88D611AE-0F7A-44F2-A209-CD8AFE98DBA5}
	EndGlobalSection
EndGlobal
