
Microsoft Visual Studio Solution File, Format Version 12.00
# Visual Studio Version 17
VisualStudioVersion = 17.5.33627.172
MinimumVisualStudioVersion = 10.0.40219.1
Project("{FAE04EC0-301F-11D3-BF4B-00C04F79EFBC}") = "001_Inheritance", "001_Inheritance\001_Inheritance.csproj", "{741AEEC7-04BA-49CB-9BD3-E3DE9A2AC90A}"
EndProject
Global
	GlobalSection(SolutionConfigurationPlatforms) = preSolution
		Debug|Any CPU = Debug|Any CPU
		Release|Any CPU = Release|Any CPU
	EndGlobalSection
	GlobalSection(ProjectConfigurationPlatforms) = postSolution
		{741AEEC7-04BA-49CB-9BD3-E3DE9A2AC90A}.Debug|Any CPU.ActiveCfg = Debug|Any CPU
		{741AEEC7-04BA-49CB-9BD3-E3DE9A2AC90A}.Debug|Any CPU.Build.0 = Debug|Any CPU
		{741AEEC7-04BA-49CB-9BD3-E3DE9A2AC90A}.Release|Any CPU.ActiveCfg = Release|Any CPU
		{741AEEC7-04BA-49CB-9BD3-E3DE9A2AC90A}.Release|Any CPU.Build.0 = Release|Any CPU
	EndGlobalSection
	GlobalSection(SolutionProperties) = preSolution
		HideSolutionNode = FALSE
	EndGlobalSection
	GlobalSection(ExtensibilityGlobals) = postSolution
		SolutionGuid = {3B0BCF4B-01E8-47D6-9D9B-14DD95A0E283}
	EndGlobalSection
EndGlobal
