
Microsoft Visual Studio Solution File, Format Version 12.00
# Visual Studio Version 17
VisualStudioVersion = 17.5.33627.172
MinimumVisualStudioVersion = 10.0.40219.1
Project("{FAE04EC0-301F-11D3-BF4B-00C04F79EFBC}") = "Inteface_ex", "Inteface_ex\Inteface_ex.csproj", "{873DFA2B-72BC-421B-ACC6-4BB60DD56EFB}"
EndProject
Global
	GlobalSection(SolutionConfigurationPlatforms) = preSolution
		Debug|Any CPU = Debug|Any CPU
		Release|Any CPU = Release|Any CPU
	EndGlobalSection
	GlobalSection(ProjectConfigurationPlatforms) = postSolution
		{873DFA2B-72BC-421B-ACC6-4BB60DD56EFB}.Debug|Any CPU.ActiveCfg = Debug|Any CPU
		{873DFA2B-72BC-421B-ACC6-4BB60DD56EFB}.Debug|Any CPU.Build.0 = Debug|Any CPU
		{873DFA2B-72BC-421B-ACC6-4BB60DD56EFB}.Release|Any CPU.ActiveCfg = Release|Any CPU
		{873DFA2B-72BC-421B-ACC6-4BB60DD56EFB}.Release|Any CPU.Build.0 = Release|Any CPU
	EndGlobalSection
	GlobalSection(SolutionProperties) = preSolution
		HideSolutionNode = FALSE
	EndGlobalSection
	GlobalSection(ExtensibilityGlobals) = postSolution
		SolutionGuid = {D5B68642-9A68-442C-8958-3C3CC6F6A185}
	EndGlobalSection
EndGlobal
